
Microsoft Visual Studio Solution File, Format Version 12.00
# Visual Studio Version 17
VisualStudioVersion = 17.5.002.0
MinimumVisualStudioVersion = 10.0.40219.1
Project("{9A19103F-16F7-4668-BE54-9A1E7A4F7556}") = "Qly_ban_hang", "Qly_ban_hang\Qly_ban_hang.csproj", "{422170FB-7289-43D3-99CC-EAB0A9874121}"
EndProject
Global
	GlobalSection(SolutionConfigurationPlatforms) = preSolution
		Debug|Any CPU = Debug|Any CPU
		Release|Any CPU = Release|Any CPU
	EndGlobalSection
	GlobalSection(ProjectConfigurationPlatforms) = postSolution
		{422170FB-7289-43D3-99CC-EAB0A9874121}.Debug|Any CPU.ActiveCfg = Debug|Any CPU
		{422170FB-7289-43D3-99CC-EAB0A9874121}.Debug|Any CPU.Build.0 = Debug|Any CPU
		{422170FB-7289-43D3-99CC-EAB0A9874121}.Release|Any CPU.ActiveCfg = Release|Any CPU
		{422170FB-7289-43D3-99CC-EAB0A9874121}.Release|Any CPU.Build.0 = Release|Any CPU
	EndGlobalSection
	GlobalSection(SolutionProperties) = preSolution
		HideSolutionNode = FALSE
	EndGlobalSection
	GlobalSection(ExtensibilityGlobals) = postSolution
		SolutionGuid = {0B26E307-4A8B-476D-8EA7-6DBD5F78A455}
	EndGlobalSection
EndGlobal
